
Microsoft Visual Studio Solution File, Format Version 12.00
# Visual Studio Version 17
VisualStudioVersion = 17.1.32210.238
MinimumVisualStudioVersion = 10.0.40219.1
Project("{FAE04EC0-301F-11D3-BF4B-00C04F79EFBC}") = "PlaneModel", "PlaneModel\PlaneModel.csproj", "{A735ED5E-68B6-4777-9C2A-632DA03BD88C}"
EndProject
Project("{FAE04EC0-301F-11D3-BF4B-00C04F79EFBC}") = "CurrencyModel", "CurrencyModel\CurrencyModel.csproj", "{95F66F04-6D3F-43A1-87C2-BDBCB82B7125}"
EndProject
Project("{FAE04EC0-301F-11D3-BF4B-00C04F79EFBC}") = "CellRowModel", "CellRowModel\CellRowModel.csproj", "{57620B95-E1A6-4962-B0CE-3C331EF88611}"
EndProject
Project("{FAE04EC0-301F-11D3-BF4B-00C04F79EFBC}") = "CellLifeModel", "CellLifeModel\CellLifeModel.csproj", "{B6639321-0044-43C1-B101-974D47615F9F}"
EndProject
Project("{FAE04EC0-301F-11D3-BF4B-00C04F79EFBC}") = "Random8", "Random8\Random8.csproj", "{748580DA-C45F-4C72-A454-3691C9FCE3C6}"
EndProject
Project("{FAE04EC0-301F-11D3-BF4B-00C04F79EFBC}") = "Random9", "Random9\Random9.csproj", "{55279409-F545-4A2C-AEAC-04B41833E25F}"
EndProject
Project("{FAE04EC0-301F-11D3-BF4B-00C04F79EFBC}") = "FootballRandom", "FootballRandom\FootballRandom.csproj", "{207B8900-B8DE-4FF1-9F62-9816BD255E0B}"
EndProject
Project("{FAE04EC0-301F-11D3-BF4B-00C04F79EFBC}") = "Random11", "Random11\Random11.csproj", "{B09BBD48-40DE-425A-BEB0-015346C494FC}"
EndProject
Global
	GlobalSection(SolutionConfigurationPlatforms) = preSolution
		Debug|Any CPU = Debug|Any CPU
		Release|Any CPU = Release|Any CPU
	EndGlobalSection
	GlobalSection(ProjectConfigurationPlatforms) = postSolution
		{A735ED5E-68B6-4777-9C2A-632DA03BD88C}.Debug|Any CPU.ActiveCfg = Debug|Any CPU
		{A735ED5E-68B6-4777-9C2A-632DA03BD88C}.Debug|Any CPU.Build.0 = Debug|Any CPU
		{A735ED5E-68B6-4777-9C2A-632DA03BD88C}.Release|Any CPU.ActiveCfg = Release|Any CPU
		{A735ED5E-68B6-4777-9C2A-632DA03BD88C}.Release|Any CPU.Build.0 = Release|Any CPU
		{95F66F04-6D3F-43A1-87C2-BDBCB82B7125}.Debug|Any CPU.ActiveCfg = Debug|Any CPU
		{95F66F04-6D3F-43A1-87C2-BDBCB82B7125}.Debug|Any CPU.Build.0 = Debug|Any CPU
		{95F66F04-6D3F-43A1-87C2-BDBCB82B7125}.Release|Any CPU.ActiveCfg = Release|Any CPU
		{95F66F04-6D3F-43A1-87C2-BDBCB82B7125}.Release|Any CPU.Build.0 = Release|Any CPU
		{57620B95-E1A6-4962-B0CE-3C331EF88611}.Debug|Any CPU.ActiveCfg = Debug|Any CPU
		{57620B95-E1A6-4962-B0CE-3C331EF88611}.Debug|Any CPU.Build.0 = Debug|Any CPU
		{57620B95-E1A6-4962-B0CE-3C331EF88611}.Release|Any CPU.ActiveCfg = Release|Any CPU
		{57620B95-E1A6-4962-B0CE-3C331EF88611}.Release|Any CPU.Build.0 = Release|Any CPU
		{B6639321-0044-43C1-B101-974D47615F9F}.Debug|Any CPU.ActiveCfg = Debug|Any CPU
		{B6639321-0044-43C1-B101-974D47615F9F}.Debug|Any CPU.Build.0 = Debug|Any CPU
		{B6639321-0044-43C1-B101-974D47615F9F}.Release|Any CPU.ActiveCfg = Release|Any CPU
		{B6639321-0044-43C1-B101-974D47615F9F}.Release|Any CPU.Build.0 = Release|Any CPU
		{748580DA-C45F-4C72-A454-3691C9FCE3C6}.Debug|Any CPU.ActiveCfg = Debug|Any CPU
		{748580DA-C45F-4C72-A454-3691C9FCE3C6}.Debug|Any CPU.Build.0 = Debug|Any CPU
		{748580DA-C45F-4C72-A454-3691C9FCE3C6}.Release|Any CPU.ActiveCfg = Release|Any CPU
		{748580DA-C45F-4C72-A454-3691C9FCE3C6}.Release|Any CPU.Build.0 = Release|Any CPU
		{55279409-F545-4A2C-AEAC-04B41833E25F}.Debug|Any CPU.ActiveCfg = Debug|Any CPU
		{55279409-F545-4A2C-AEAC-04B41833E25F}.Debug|Any CPU.Build.0 = Debug|Any CPU
		{55279409-F545-4A2C-AEAC-04B41833E25F}.Release|Any CPU.ActiveCfg = Release|Any CPU
		{55279409-F545-4A2C-AEAC-04B41833E25F}.Release|Any CPU.Build.0 = Release|Any CPU
		{207B8900-B8DE-4FF1-9F62-9816BD255E0B}.Debug|Any CPU.ActiveCfg = Debug|Any CPU
		{207B8900-B8DE-4FF1-9F62-9816BD255E0B}.Debug|Any CPU.Build.0 = Debug|Any CPU
		{207B8900-B8DE-4FF1-9F62-9816BD255E0B}.Release|Any CPU.ActiveCfg = Release|Any CPU
		{207B8900-B8DE-4FF1-9F62-9816BD255E0B}.Release|Any CPU.Build.0 = Release|Any CPU
		{B09BBD48-40DE-425A-BEB0-015346C494FC}.Debug|Any CPU.ActiveCfg = Debug|Any CPU
		{B09BBD48-40DE-425A-BEB0-015346C494FC}.Debug|Any CPU.Build.0 = Debug|Any CPU
		{B09BBD48-40DE-425A-BEB0-015346C494FC}.Release|Any CPU.ActiveCfg = Release|Any CPU
		{B09BBD48-40DE-425A-BEB0-015346C494FC}.Release|Any CPU.Build.0 = Release|Any CPU
	EndGlobalSection
	GlobalSection(SolutionProperties) = preSolution
		HideSolutionNode = FALSE
	EndGlobalSection
	GlobalSection(ExtensibilityGlobals) = postSolution
		SolutionGuid = {3F15DA8C-2A9D-4640-A02C-BDF2A9B3D5FF}
	EndGlobalSection
EndGlobal
